
Microsoft Visual Studio Solution File, Format Version 12.00
# Visual Studio Version 17
VisualStudioVersion = 17.0.31903.59
MinimumVisualStudioVersion = 10.0.40219.1
Project("{FAE04EC0-301F-11D3-BF4B-00C04F79EFBC}") = "WebApi", "WebApi\WebApi.csproj", "{BAECF3B0-25F9-4E19-8ED5-C4F4F52A8F4A}"
EndProject
Project("{FAE04EC0-301F-11D3-BF4B-00C04F79EFBC}") = "Application", "Application\Application.csproj", "{C4115138-B726-4055-917D-76FC8C8B4067}"
EndProject
Project("{FAE04EC0-301F-11D3-BF4B-00C04F79EFBC}") = "Infrastructure", "Infrastructure\Infrastructure.csproj", "{EAD9198B-209A-42EB-830D-9135B705484E}"
EndProject
Project("{FAE04EC0-301F-11D3-BF4B-00C04F79EFBC}") = "Core", "Core\Core.csproj", "{38886318-E9C5-422B-8D10-72B500B8DA7F}"
EndProject
Global
	GlobalSection(SolutionConfigurationPlatforms) = preSolution
		Debug|Any CPU = Debug|Any CPU
		Release|Any CPU = Release|Any CPU
	EndGlobalSection
	GlobalSection(SolutionProperties) = preSolution
		HideSolutionNode = FALSE
	EndGlobalSection
	GlobalSection(ProjectConfigurationPlatforms) = postSolution
		{BAECF3B0-25F9-4E19-8ED5-C4F4F52A8F4A}.Debug|Any CPU.ActiveCfg = Debug|Any CPU
		{BAECF3B0-25F9-4E19-8ED5-C4F4F52A8F4A}.Debug|Any CPU.Build.0 = Debug|Any CPU
		{BAECF3B0-25F9-4E19-8ED5-C4F4F52A8F4A}.Release|Any CPU.ActiveCfg = Release|Any CPU
		{BAECF3B0-25F9-4E19-8ED5-C4F4F52A8F4A}.Release|Any CPU.Build.0 = Release|Any CPU
		{C4115138-B726-4055-917D-76FC8C8B4067}.Debug|Any CPU.ActiveCfg = Debug|Any CPU
		{C4115138-B726-4055-917D-76FC8C8B4067}.Debug|Any CPU.Build.0 = Debug|Any CPU
		{C4115138-B726-4055-917D-76FC8C8B4067}.Release|Any CPU.ActiveCfg = Release|Any CPU
		{C4115138-B726-4055-917D-76FC8C8B4067}.Release|Any CPU.Build.0 = Release|Any CPU
		{EAD9198B-209A-42EB-830D-9135B705484E}.Debug|Any CPU.ActiveCfg = Debug|Any CPU
		{EAD9198B-209A-42EB-830D-9135B705484E}.Debug|Any CPU.Build.0 = Debug|Any CPU
		{EAD9198B-209A-42EB-830D-9135B705484E}.Release|Any CPU.ActiveCfg = Release|Any CPU
		{EAD9198B-209A-42EB-830D-9135B705484E}.Release|Any CPU.Build.0 = Release|Any CPU
		{38886318-E9C5-422B-8D10-72B500B8DA7F}.Debug|Any CPU.ActiveCfg = Debug|Any CPU
		{38886318-E9C5-422B-8D10-72B500B8DA7F}.Debug|Any CPU.Build.0 = Debug|Any CPU
		{38886318-E9C5-422B-8D10-72B500B8DA7F}.Release|Any CPU.ActiveCfg = Release|Any CPU
		{38886318-E9C5-422B-8D10-72B500B8DA7F}.Release|Any CPU.Build.0 = Release|Any CPU
	EndGlobalSection
EndGlobal
